
Microsoft Visual Studio Solution File, Format Version 12.00
# Visual Studio 14
VisualStudioVersion = 14.0.24720.0
MinimumVisualStudioVersion = 10.0.40219.1
Project("{FAE04EC0-301F-11D3-BF4B-00C04F79EFBC}") = "CA_FindLongestLenInConsecutiveArray", "CA_FindLongestLenInConsecutiveArray\CA_FindLongestLenInConsecutiveArray.csproj", "{7E0134B2-3AF2-491D-B39F-F43269EDC7C1}"
EndProject
Project("{FAE04EC0-301F-11D3-BF4B-00C04F79EFBC}") = "CL_ConsecutiveArray", "CL_ConsecutiveArray\CL_ConsecutiveArray.csproj", "{91A0E23D-B2BD-4954-9B0A-82FF2CF5A03E}"
EndProject
Global
	GlobalSection(SolutionConfigurationPlatforms) = preSolution
		Debug|Any CPU = Debug|Any CPU
		Release|Any CPU = Release|Any CPU
	EndGlobalSection
	GlobalSection(ProjectConfigurationPlatforms) = postSolution
		{7E0134B2-3AF2-491D-B39F-F43269EDC7C1}.Debug|Any CPU.ActiveCfg = Debug|Any CPU
		{7E0134B2-3AF2-491D-B39F-F43269EDC7C1}.Debug|Any CPU.Build.0 = Debug|Any CPU
		{7E0134B2-3AF2-491D-B39F-F43269EDC7C1}.Release|Any CPU.ActiveCfg = Release|Any CPU
		{7E0134B2-3AF2-491D-B39F-F43269EDC7C1}.Release|Any CPU.Build.0 = Release|Any CPU
		{91A0E23D-B2BD-4954-9B0A-82FF2CF5A03E}.Debug|Any CPU.ActiveCfg = Debug|Any CPU
		{91A0E23D-B2BD-4954-9B0A-82FF2CF5A03E}.Debug|Any CPU.Build.0 = Debug|Any CPU
		{91A0E23D-B2BD-4954-9B0A-82FF2CF5A03E}.Release|Any CPU.ActiveCfg = Release|Any CPU
		{91A0E23D-B2BD-4954-9B0A-82FF2CF5A03E}.Release|Any CPU.Build.0 = Release|Any CPU
	EndGlobalSection
	GlobalSection(SolutionProperties) = preSolution
		HideSolutionNode = FALSE
	EndGlobalSection
EndGlobal
